
Microsoft Visual Studio Solution File, Format Version 12.00
# Visual Studio 2012
Project("{8BC9CEB8-8B4A-11D0-8D11-00A0C91BC942}") = "20130312", "20130312\20130312.vcxproj", "{1B90FB4A-AF3D-4E42-B852-8DDFA59564F0}"
EndProject
Project("{8BC9CEB8-8B4A-11D0-8D11-00A0C91BC942}") = "20130314", "20130314\20130314.vcxproj", "{9D726423-21FE-4647-9C04-18FC15E48F0F}"
EndProject
Project("{8BC9CEB8-8B4A-11D0-8D11-00A0C91BC942}") = "20130319", "20130319\20130319.vcxproj", "{9E154E6F-2E7D-4CE9-ADC6-669F6F2884FA}"
EndProject
Project("{8BC9CEB8-8B4A-11D0-8D11-00A0C91BC942}") = "20130321", "20130321\20130321.vcxproj", "{E7EEFB14-310C-4CB4-9374-75297E4164A0}"
EndProject
Project("{8BC9CEB8-8B4A-11D0-8D11-00A0C91BC942}") = "20130326", "20130326\20130326.vcxproj", "{0246BAAD-081E-4221-B342-0FFDE20B5E4D}"
EndProject
Project("{8BC9CEB8-8B4A-11D0-8D11-00A0C91BC942}") = "20130328", "20130328\20130328.vcxproj", "{E8508245-9204-4A66-A3F3-B210EF763BAD}"
EndProject
Project("{8BC9CEB8-8B4A-11D0-8D11-00A0C91BC942}") = "20130328-1", "20130328-1\20130328-1.vcxproj", "{B844C6B2-CBC3-442C-8A6E-BF3460818534}"
EndProject
Project("{8BC9CEB8-8B4A-11D0-8D11-00A0C91BC942}") = "20130402", "20130402\20130402.vcxproj", "{10DF6494-12C0-4847-A96B-7BB039235D95}"
EndProject
Project("{8BC9CEB8-8B4A-11D0-8D11-00A0C91BC942}") = "20130411", "20130411\20130411.vcxproj", "{FFA8F2E3-6B7D-4FD6-A9E2-B0152C2140BB}"
EndProject
Project("{8BC9CEB8-8B4A-11D0-8D11-00A0C91BC942}") = "20130411-1", "20130411-1\20130411-1.vcxproj", "{39B57A24-1E82-4EA4-943A-7289A9D58F64}"
EndProject
Project("{8BC9CEB8-8B4A-11D0-8D11-00A0C91BC942}") = "20130411-2", "20130411-2\20130411-2.vcxproj", "{991229F6-B484-428B-A86D-B0B70F442201}"
EndProject
Project("{8BC9CEB8-8B4A-11D0-8D11-00A0C91BC942}") = "20130418", "20130418\20130418.vcxproj", "{C2B4275A-9038-4999-8BA4-A6D6232B2205}"
EndProject
Project("{8BC9CEB8-8B4A-11D0-8D11-00A0C91BC942}") = "20130423", "20130423\20130423.vcxproj", "{FCE9EE49-CF84-44AA-A585-AA0FB68BA42A}"
EndProject
Project("{8BC9CEB8-8B4A-11D0-8D11-00A0C91BC942}") = "20130425", "20130425\20130425.vcxproj", "{C1D6ED8F-3866-4989-83E0-9601696F46EB}"
EndProject
Project("{8BC9CEB8-8B4A-11D0-8D11-00A0C91BC942}") = "20130430", "20130430\20130430.vcxproj", "{3B1467EF-A4AA-4A98-8DC4-0A8E7E2DE1A0}"
EndProject
Project("{8BC9CEB8-8B4A-11D0-8D11-00A0C91BC942}") = "20130502", "20130502\20130502.vcxproj", "{56B58158-0DE1-4DDB-BF99-319F54B19F01}"
EndProject
Project("{8BC9CEB8-8B4A-11D0-8D11-00A0C91BC942}") = "20130507", "20130507\20130507.vcxproj", "{89E42D44-5C91-464A-8CDC-56AC782240FC}"
EndProject
Project("{8BC9CEB8-8B4A-11D0-8D11-00A0C91BC942}") = "20130509", "20130509\20130509.vcxproj", "{0D804838-8D88-4AC5-95EA-3F14AE4B4AD8}"
EndProject
Project("{8BC9CEB8-8B4A-11D0-8D11-00A0C91BC942}") = "20130509-1", "20130509-1\20130509-1.vcxproj", "{836536A9-3603-459B-ADC7-5DC3F354A687}"
EndProject
Project("{8BC9CEB8-8B4A-11D0-8D11-00A0C91BC942}") = "20130514-1", "20130514\20130514.vcxproj", "{DF39847E-B9DC-4273-8FE7-9B3E4F2654CC}"
EndProject
Project("{8BC9CEB8-8B4A-11D0-8D11-00A0C91BC942}") = "20130514-2", "20130514-2\20130514-2.vcxproj", "{3A0DE6B6-3ACC-4600-8469-A307CC0DEC22}"
EndProject
Project("{8BC9CEB8-8B4A-11D0-8D11-00A0C91BC942}") = "20130521", "20130521\20130521.vcxproj", "{0D0BD824-849F-43E4-9752-D53815571944}"
EndProject
Project("{8BC9CEB8-8B4A-11D0-8D11-00A0C91BC942}") = "20130523", "20130523\20130523.vcxproj", "{83C59358-F052-42CC-9459-319E9194B5EC}"
EndProject
Project("{8BC9CEB8-8B4A-11D0-8D11-00A0C91BC942}") = "20130528", "20130528\20130528.vcxproj", "{0DD32FA4-A5B3-402D-BB69-8FA7D5CD6D79}"
EndProject
Project("{8BC9CEB8-8B4A-11D0-8D11-00A0C91BC942}") = "20130528-1", "20130528-1\20130528-1.vcxproj", "{C8E0D803-02B6-4F0A-8219-F27391666B58}"
EndProject
Project("{8BC9CEB8-8B4A-11D0-8D11-00A0C91BC942}") = "20130604", "20130604\20130604.vcxproj", "{0C593B40-3770-4897-A113-386C87F57236}"
EndProject
Project("{8BC9CEB8-8B4A-11D0-8D11-00A0C91BC942}") = "20130611", "20130611\20130611.vcxproj", "{AE829B57-28E2-4285-872C-65D13DF209E4}"
EndProject
Project("{8BC9CEB8-8B4A-11D0-8D11-00A0C91BC942}") = "Cproject2013", "Cproject2013\Cproject2013.vcxproj", "{CA1F5349-400B-49F6-87A0-86F6202D9A1E}"
EndProject
Global
	GlobalSection(SolutionConfigurationPlatforms) = preSolution
		Debug|Win32 = Debug|Win32
		Release|Win32 = Release|Win32
	EndGlobalSection
	GlobalSection(ProjectConfigurationPlatforms) = postSolution
		{1B90FB4A-AF3D-4E42-B852-8DDFA59564F0}.Debug|Win32.ActiveCfg = Debug|Win32
		{1B90FB4A-AF3D-4E42-B852-8DDFA59564F0}.Debug|Win32.Build.0 = Debug|Win32
		{1B90FB4A-AF3D-4E42-B852-8DDFA59564F0}.Release|Win32.ActiveCfg = Release|Win32
		{1B90FB4A-AF3D-4E42-B852-8DDFA59564F0}.Release|Win32.Build.0 = Release|Win32
		{9D726423-21FE-4647-9C04-18FC15E48F0F}.Debug|Win32.ActiveCfg = Debug|Win32
		{9D726423-21FE-4647-9C04-18FC15E48F0F}.Debug|Win32.Build.0 = Debug|Win32
		{9D726423-21FE-4647-9C04-18FC15E48F0F}.Release|Win32.ActiveCfg = Release|Win32
		{9D726423-21FE-4647-9C04-18FC15E48F0F}.Release|Win32.Build.0 = Release|Win32
		{9E154E6F-2E7D-4CE9-ADC6-669F6F2884FA}.Debug|Win32.ActiveCfg = Debug|Win32
		{9E154E6F-2E7D-4CE9-ADC6-669F6F2884FA}.Debug|Win32.Build.0 = Debug|Win32
		{9E154E6F-2E7D-4CE9-ADC6-669F6F2884FA}.Release|Win32.ActiveCfg = Release|Win32
		{9E154E6F-2E7D-4CE9-ADC6-669F6F2884FA}.Release|Win32.Build.0 = Release|Win32
		{E7EEFB14-310C-4CB4-9374-75297E4164A0}.Debug|Win32.ActiveCfg = Debug|Win32
		{E7EEFB14-310C-4CB4-9374-75297E4164A0}.Debug|Win32.Build.0 = Debug|Win32
		{E7EEFB14-310C-4CB4-9374-75297E4164A0}.Release|Win32.ActiveCfg = Release|Win32
		{E7EEFB14-310C-4CB4-9374-75297E4164A0}.Release|Win32.Build.0 = Release|Win32
		{0246BAAD-081E-4221-B342-0FFDE20B5E4D}.Debug|Win32.ActiveCfg = Debug|Win32
		{0246BAAD-081E-4221-B342-0FFDE20B5E4D}.Debug|Win32.Build.0 = Debug|Win32
		{0246BAAD-081E-4221-B342-0FFDE20B5E4D}.Release|Win32.ActiveCfg = Release|Win32
		{0246BAAD-081E-4221-B342-0FFDE20B5E4D}.Release|Win32.Build.0 = Release|Win32
		{E8508245-9204-4A66-A3F3-B210EF763BAD}.Debug|Win32.ActiveCfg = Debug|Win32
		{E8508245-9204-4A66-A3F3-B210EF763BAD}.Debug|Win32.Build.0 = Debug|Win32
		{E8508245-9204-4A66-A3F3-B210EF763BAD}.Release|Win32.ActiveCfg = Release|Win32
		{E8508245-9204-4A66-A3F3-B210EF763BAD}.Release|Win32.Build.0 = Release|Win32
		{B844C6B2-CBC3-442C-8A6E-BF3460818534}.Debug|Win32.ActiveCfg = Debug|Win32
		{B844C6B2-CBC3-442C-8A6E-BF3460818534}.Debug|Win32.Build.0 = Debug|Win32
		{B844C6B2-CBC3-442C-8A6E-BF3460818534}.Release|Win32.ActiveCfg = Release|Win32
		{B844C6B2-CBC3-442C-8A6E-BF3460818534}.Release|Win32.Build.0 = Release|Win32
		{10DF6494-12C0-4847-A96B-7BB039235D95}.Debug|Win32.ActiveCfg = Debug|Win32
		{10DF6494-12C0-4847-A96B-7BB039235D95}.Debug|Win32.Build.0 = Debug|Win32
		{10DF6494-12C0-4847-A96B-7BB039235D95}.Release|Win32.ActiveCfg = Release|Win32
		{10DF6494-12C0-4847-A96B-7BB039235D95}.Release|Win32.Build.0 = Release|Win32
		{FFA8F2E3-6B7D-4FD6-A9E2-B0152C2140BB}.Debug|Win32.ActiveCfg = Debug|Win32
		{FFA8F2E3-6B7D-4FD6-A9E2-B0152C2140BB}.Debug|Win32.Build.0 = Debug|Win32
		{FFA8F2E3-6B7D-4FD6-A9E2-B0152C2140BB}.Release|Win32.ActiveCfg = Release|Win32
		{FFA8F2E3-6B7D-4FD6-A9E2-B0152C2140BB}.Release|Win32.Build.0 = Release|Win32
		{39B57A24-1E82-4EA4-943A-7289A9D58F64}.Debug|Win32.ActiveCfg = Debug|Win32
		{39B57A24-1E82-4EA4-943A-7289A9D58F64}.Debug|Win32.Build.0 = Debug|Win32
		{39B57A24-1E82-4EA4-943A-7289A9D58F64}.Release|Win32.ActiveCfg = Release|Win32
		{39B57A24-1E82-4EA4-943A-7289A9D58F64}.Release|Win32.Build.0 = Release|Win32
		{991229F6-B484-428B-A86D-B0B70F442201}.Debug|Win32.ActiveCfg = Debug|Win32
		{991229F6-B484-428B-A86D-B0B70F442201}.Debug|Win32.Build.0 = Debug|Win32
		{991229F6-B484-428B-A86D-B0B70F442201}.Release|Win32.ActiveCfg = Release|Win32
		{991229F6-B484-428B-A86D-B0B70F442201}.Release|Win32.Build.0 = Release|Win32
		{C2B4275A-9038-4999-8BA4-A6D6232B2205}.Debug|Win32.ActiveCfg = Debug|Win32
		{C2B4275A-9038-4999-8BA4-A6D6232B2205}.Debug|Win32.Build.0 = Debug|Win32
		{C2B4275A-9038-4999-8BA4-A6D6232B2205}.Release|Win32.ActiveCfg = Release|Win32
		{C2B4275A-9038-4999-8BA4-A6D6232B2205}.Release|Win32.Build.0 = Release|Win32
		{FCE9EE49-CF84-44AA-A585-AA0FB68BA42A}.Debug|Win32.ActiveCfg = Debug|Win32
		{FCE9EE49-CF84-44AA-A585-AA0FB68BA42A}.Debug|Win32.Build.0 = Debug|Win32
		{FCE9EE49-CF84-44AA-A585-AA0FB68BA42A}.Release|Win32.ActiveCfg = Release|Win32
		{FCE9EE49-CF84-44AA-A585-AA0FB68BA42A}.Release|Win32.Build.0 = Release|Win32
		{C1D6ED8F-3866-4989-83E0-9601696F46EB}.Debug|Win32.ActiveCfg = Debug|Win32
		{C1D6ED8F-3866-4989-83E0-9601696F46EB}.Debug|Win32.Build.0 = Debug|Win32
		{C1D6ED8F-3866-4989-83E0-9601696F46EB}.Release|Win32.ActiveCfg = Release|Win32
		{C1D6ED8F-3866-4989-83E0-9601696F46EB}.Release|Win32.Build.0 = Release|Win32
		{3B1467EF-A4AA-4A98-8DC4-0A8E7E2DE1A0}.Debug|Win32.ActiveCfg = Debug|Win32
		{3B1467EF-A4AA-4A98-8DC4-0A8E7E2DE1A0}.Debug|Win32.Build.0 = Debug|Win32
		{3B1467EF-A4AA-4A98-8DC4-0A8E7E2DE1A0}.Release|Win32.ActiveCfg = Release|Win32
		{3B1467EF-A4AA-4A98-8DC4-0A8E7E2DE1A0}.Release|Win32.Build.0 = Release|Win32
		{56B58158-0DE1-4DDB-BF99-319F54B19F01}.Debug|Win32.ActiveCfg = Debug|Win32
		{56B58158-0DE1-4DDB-BF99-319F54B19F01}.Debug|Win32.Build.0 = Debug|Win32
		{56B58158-0DE1-4DDB-BF99-319F54B19F01}.Release|Win32.ActiveCfg = Release|Win32
		{56B58158-0DE1-4DDB-BF99-319F54B19F01}.Release|Win32.Build.0 = Release|Win32
		{89E42D44-5C91-464A-8CDC-56AC782240FC}.Debug|Win32.ActiveCfg = Debug|Win32
		{89E42D44-5C91-464A-8CDC-56AC782240FC}.Debug|Win32.Build.0 = Debug|Win32
		{89E42D44-5C91-464A-8CDC-56AC782240FC}.Release|Win32.ActiveCfg = Release|Win32
		{89E42D44-5C91-464A-8CDC-56AC782240FC}.Release|Win32.Build.0 = Release|Win32
		{0D804838-8D88-4AC5-95EA-3F14AE4B4AD8}.Debug|Win32.ActiveCfg = Debug|Win32
		{0D804838-8D88-4AC5-95EA-3F14AE4B4AD8}.Debug|Win32.Build.0 = Debug|Win32
		{0D804838-8D88-4AC5-95EA-3F14AE4B4AD8}.Release|Win32.ActiveCfg = Release|Win32
		{0D804838-8D88-4AC5-95EA-3F14AE4B4AD8}.Release|Win32.Build.0 = Release|Win32
		{836536A9-3603-459B-ADC7-5DC3F354A687}.Debug|Win32.ActiveCfg = Debug|Win32
		{836536A9-3603-459B-ADC7-5DC3F354A687}.Debug|Win32.Build.0 = Debug|Win32
		{836536A9-3603-459B-ADC7-5DC3F354A687}.Release|Win32.ActiveCfg = Release|Win32
		{836536A9-3603-459B-ADC7-5DC3F354A687}.Release|Win32.Build.0 = Release|Win32
		{DF39847E-B9DC-4273-8FE7-9B3E4F2654CC}.Debug|Win32.ActiveCfg = Debug|Win32
		{DF39847E-B9DC-4273-8FE7-9B3E4F2654CC}.Debug|Win32.Build.0 = Debug|Win32
		{DF39847E-B9DC-4273-8FE7-9B3E4F2654CC}.Release|Win32.ActiveCfg = Release|Win32
		{DF39847E-B9DC-4273-8FE7-9B3E4F2654CC}.Release|Win32.Build.0 = Release|Win32
		{3A0DE6B6-3ACC-4600-8469-A307CC0DEC22}.Debug|Win32.ActiveCfg = Debug|Win32
		{3A0DE6B6-3ACC-4600-8469-A307CC0DEC22}.Debug|Win32.Build.0 = Debug|Win32
		{3A0DE6B6-3ACC-4600-8469-A307CC0DEC22}.Release|Win32.ActiveCfg = Release|Win32
		{3A0DE6B6-3ACC-4600-8469-A307CC0DEC22}.Release|Win32.Build.0 = Release|Win32
		{0D0BD824-849F-43E4-9752-D53815571944}.Debug|Win32.ActiveCfg = Debug|Win32
		{0D0BD824-849F-43E4-9752-D53815571944}.Debug|Win32.Build.0 = Debug|Win32
		{0D0BD824-849F-43E4-9752-D53815571944}.Release|Win32.ActiveCfg = Release|Win32
		{0D0BD824-849F-43E4-9752-D53815571944}.Release|Win32.Build.0 = Release|Win32
		{83C59358-F052-42CC-9459-319E9194B5EC}.Debug|Win32.ActiveCfg = Debug|Win32
		{83C59358-F052-42CC-9459-319E9194B5EC}.Debug|Win32.Build.0 = Debug|Win32
		{83C59358-F052-42CC-9459-319E9194B5EC}.Release|Win32.ActiveCfg = Release|Win32
		{83C59358-F052-42CC-9459-319E9194B5EC}.Release|Win32.Build.0 = Release|Win32
		{0DD32FA4-A5B3-402D-BB69-8FA7D5CD6D79}.Debug|Win32.ActiveCfg = Debug|Win32
		{0DD32FA4-A5B3-402D-BB69-8FA7D5CD6D79}.Debug|Win32.Build.0 = Debug|Win32
		{0DD32FA4-A5B3-402D-BB69-8FA7D5CD6D79}.Release|Win32.ActiveCfg = Release|Win32
		{0DD32FA4-A5B3-402D-BB69-8FA7D5CD6D79}.Release|Win32.Build.0 = Release|Win32
		{C8E0D803-02B6-4F0A-8219-F27391666B58}.Debug|Win32.ActiveCfg = Debug|Win32
		{C8E0D803-02B6-4F0A-8219-F27391666B58}.Debug|Win32.Build.0 = Debug|Win32
		{C8E0D803-02B6-4F0A-8219-F27391666B58}.Release|Win32.ActiveCfg = Release|Win32
		{C8E0D803-02B6-4F0A-8219-F27391666B58}.Release|Win32.Build.0 = Release|Win32
		{0C593B40-3770-4897-A113-386C87F57236}.Debug|Win32.ActiveCfg = Debug|Win32
		{0C593B40-3770-4897-A113-386C87F57236}.Debug|Win32.Build.0 = Debug|Win32
		{0C593B40-3770-4897-A113-386C87F57236}.Release|Win32.ActiveCfg = Release|Win32
		{0C593B40-3770-4897-A113-386C87F57236}.Release|Win32.Build.0 = Release|Win32
		{AE829B57-28E2-4285-872C-65D13DF209E4}.Debug|Win32.ActiveCfg = Debug|Win32
		{AE829B57-28E2-4285-872C-65D13DF209E4}.Debug|Win32.Build.0 = Debug|Win32
		{AE829B57-28E2-4285-872C-65D13DF209E4}.Release|Win32.ActiveCfg = Release|Win32
		{AE829B57-28E2-4285-872C-65D13DF209E4}.Release|Win32.Build.0 = Release|Win32
		{CA1F5349-400B-49F6-87A0-86F6202D9A1E}.Debug|Win32.ActiveCfg = Debug|Win32
		{CA1F5349-400B-49F6-87A0-86F6202D9A1E}.Debug|Win32.Build.0 = Debug|Win32
		{CA1F5349-400B-49F6-87A0-86F6202D9A1E}.Release|Win32.ActiveCfg = Release|Win32
		{CA1F5349-400B-49F6-87A0-86F6202D9A1E}.Release|Win32.Build.0 = Release|Win32
	EndGlobalSection
	GlobalSection(SolutionProperties) = preSolution
		HideSolutionNode = FALSE
	EndGlobalSection
EndGlobal
